# This file was autogenerated by uv via the following command:
#    uv pip compile /Users/haoran/.codex/skills/youtube-podcast-tracker/references/requirements.txt -o /Users/haoran/.codex/skills/youtube-podcast-tracker/references/uv.lock
yt-dlp==2026.2.4
    # via -r /Users/haoran/.codex/skills/youtube-podcast-tracker/references/requirements.txt
